
Microsoft Visual Studio Solution File, Format Version 12.00
# Visual Studio Version 16
VisualStudioVersion = 16.0.30804.86
MinimumVisualStudioVersion = 10.0.40219.1
Project("{9A19103F-16F7-4668-BE54-9A1E7A4F7556}") = "CharacterManager", "CharacterManager\CharacterManager.csproj", "{7EAC8042-D9A6-4756-9699-E2AE49743B60}"
	ProjectSection(ProjectDependencies) = postProject
		{992A76B6-B5F6-47EA-8097-0A131FBD4913} = {992A76B6-B5F6-47EA-8097-0A131FBD4913}
	EndProjectSection
EndProject
Project("{9A19103F-16F7-4668-BE54-9A1E7A4F7556}") = "CharacterManager.DAC", "CharacterManager.DAC\CharacterManager.DAC.csproj", "{992A76B6-B5F6-47EA-8097-0A131FBD4913}"
EndProject
Global
	GlobalSection(SolutionConfigurationPlatforms) = preSolution
		Debug|Any CPU = Debug|Any CPU
		Release|Any CPU = Release|Any CPU
	EndGlobalSection
	GlobalSection(ProjectConfigurationPlatforms) = postSolution
		{7EAC8042-D9A6-4756-9699-E2AE49743B60}.Debug|Any CPU.ActiveCfg = Debug|Any CPU
		{7EAC8042-D9A6-4756-9699-E2AE49743B60}.Debug|Any CPU.Build.0 = Debug|Any CPU
		{7EAC8042-D9A6-4756-9699-E2AE49743B60}.Release|Any CPU.ActiveCfg = Release|Any CPU
		{7EAC8042-D9A6-4756-9699-E2AE49743B60}.Release|Any CPU.Build.0 = Release|Any CPU
		{992A76B6-B5F6-47EA-8097-0A131FBD4913}.Debug|Any CPU.ActiveCfg = Debug|Any CPU
		{992A76B6-B5F6-47EA-8097-0A131FBD4913}.Debug|Any CPU.Build.0 = Debug|Any CPU
		{992A76B6-B5F6-47EA-8097-0A131FBD4913}.Release|Any CPU.ActiveCfg = Release|Any CPU
		{992A76B6-B5F6-47EA-8097-0A131FBD4913}.Release|Any CPU.Build.0 = Release|Any CPU
	EndGlobalSection
	GlobalSection(SolutionProperties) = preSolution
		HideSolutionNode = FALSE
	EndGlobalSection
	GlobalSection(ExtensibilityGlobals) = postSolution
		SolutionGuid = {CD0606BE-F643-4EBA-A0F0-A984E891F6D6}
	EndGlobalSection
EndGlobal
